
Microsoft Visual Studio Solution File, Format Version 12.00
# Visual Studio Version 17
VisualStudioVersion = 17.5.33502.453
MinimumVisualStudioVersion = 10.0.40219.1
Project("{FAE04EC0-301F-11D3-BF4B-00C04F79EFBC}") = "FishingContest", "FishingContest\FishingContest.csproj", "{B6106199-C796-4F79-A9B5-338493AE6AE3}"
EndProject
Global
	GlobalSection(SolutionConfigurationPlatforms) = preSolution
		Debug|Any CPU = Debug|Any CPU
		Release|Any CPU = Release|Any CPU
	EndGlobalSection
	GlobalSection(ProjectConfigurationPlatforms) = postSolution
		{B6106199-C796-4F79-A9B5-338493AE6AE3}.Debug|Any CPU.ActiveCfg = Debug|Any CPU
		{B6106199-C796-4F79-A9B5-338493AE6AE3}.Debug|Any CPU.Build.0 = Debug|Any CPU
		{B6106199-C796-4F79-A9B5-338493AE6AE3}.Release|Any CPU.ActiveCfg = Release|Any CPU
		{B6106199-C796-4F79-A9B5-338493AE6AE3}.Release|Any CPU.Build.0 = Release|Any CPU
	EndGlobalSection
	GlobalSection(SolutionProperties) = preSolution
		HideSolutionNode = FALSE
	EndGlobalSection
	GlobalSection(ExtensibilityGlobals) = postSolution
		SolutionGuid = {CD2A3590-57F1-40E6-BA25-AF44EAE13D76}
	EndGlobalSection
EndGlobal
