
Microsoft Visual Studio Solution File, Format Version 12.00
# Visual Studio Version 17
VisualStudioVersion = 17.5.33424.131
MinimumVisualStudioVersion = 10.0.40219.1
Project("{FAE04EC0-301F-11D3-BF4B-00C04F79EFBC}") = "Complex_Numbers", "Complex_Numbers.csproj", "{749B66AD-FA56-48B3-81FF-AE27231F223A}"
EndProject
Global
	GlobalSection(SolutionConfigurationPlatforms) = preSolution
		Debug|Any CPU = Debug|Any CPU
		Release|Any CPU = Release|Any CPU
	EndGlobalSection
	GlobalSection(ProjectConfigurationPlatforms) = postSolution
		{749B66AD-FA56-48B3-81FF-AE27231F223A}.Debug|Any CPU.ActiveCfg = Debug|Any CPU
		{749B66AD-FA56-48B3-81FF-AE27231F223A}.Debug|Any CPU.Build.0 = Debug|Any CPU
		{749B66AD-FA56-48B3-81FF-AE27231F223A}.Release|Any CPU.ActiveCfg = Release|Any CPU
		{749B66AD-FA56-48B3-81FF-AE27231F223A}.Release|Any CPU.Build.0 = Release|Any CPU
	EndGlobalSection
	GlobalSection(SolutionProperties) = preSolution
		HideSolutionNode = FALSE
	EndGlobalSection
	GlobalSection(ExtensibilityGlobals) = postSolution
		SolutionGuid = {F4BB2754-3EF4-4169-B5F5-F07FC13B2B4A}
	EndGlobalSection
EndGlobal
