
Microsoft Visual Studio Solution File, Format Version 12.00
# Visual Studio Version 17
VisualStudioVersion = 17.5.33424.131
MinimumVisualStudioVersion = 10.0.40219.1
Project("{9A19103F-16F7-4668-BE54-9A1E7A4F7556}") = "PrQueue", "PrQueue\PrQueue.csproj", "{FBBC525A-96A8-4250-A33B-A5CFE7D0F74E}"
EndProject
Project("{FAE04EC0-301F-11D3-BF4B-00C04F79EFBC}") = "TestPrQueue", "TestPrQueue\TestPrQueue.csproj", "{B8809A5E-72F0-4627-B283-EEC95B3A3A89}"
EndProject
Global
	GlobalSection(SolutionConfigurationPlatforms) = preSolution
		Debug|Any CPU = Debug|Any CPU
		Release|Any CPU = Release|Any CPU
	EndGlobalSection
	GlobalSection(ProjectConfigurationPlatforms) = postSolution
		{FBBC525A-96A8-4250-A33B-A5CFE7D0F74E}.Debug|Any CPU.ActiveCfg = Debug|Any CPU
		{FBBC525A-96A8-4250-A33B-A5CFE7D0F74E}.Debug|Any CPU.Build.0 = Debug|Any CPU
		{FBBC525A-96A8-4250-A33B-A5CFE7D0F74E}.Release|Any CPU.ActiveCfg = Release|Any CPU
		{FBBC525A-96A8-4250-A33B-A5CFE7D0F74E}.Release|Any CPU.Build.0 = Release|Any CPU
		{B8809A5E-72F0-4627-B283-EEC95B3A3A89}.Debug|Any CPU.ActiveCfg = Debug|Any CPU
		{B8809A5E-72F0-4627-B283-EEC95B3A3A89}.Debug|Any CPU.Build.0 = Debug|Any CPU
		{B8809A5E-72F0-4627-B283-EEC95B3A3A89}.Release|Any CPU.ActiveCfg = Release|Any CPU
		{B8809A5E-72F0-4627-B283-EEC95B3A3A89}.Release|Any CPU.Build.0 = Release|Any CPU
	EndGlobalSection
	GlobalSection(SolutionProperties) = preSolution
		HideSolutionNode = FALSE
	EndGlobalSection
	GlobalSection(ExtensibilityGlobals) = postSolution
		SolutionGuid = {C566CB85-D86B-4518-8F40-3A6CDF125E88}
	EndGlobalSection
EndGlobal
